[renv]
Version=0.5.0-17

[R]
Version=3.6.0
Repositories=
	CRAN=https://cran.rstudio.com/

[R/Package/BH]
Package=BH
Version=1.69.0-1
Source=CRAN
Hash=0fde015f5153e51df44981da0767f522

[R/Package/DT]
Package=DT
Version=0.7
Source=CRAN
Hash=981ae58e8b540dd02bb331dbef40d130

[R/Package/MASS]
Package=MASS
Version=7.3-51.4
Source=CRAN
Hash=a489ad42493fa9bfac8f3e3a3bc7d4ca

[R/Package/Matrix]
Package=Matrix
Version=1.2-17
Source=CRAN
Hash=62a0a8a6af8cdc0a32e5a69fb03ebfe9

[R/Package/R6]
Package=R6
Version=2.4.0
Source=CRAN
Hash=92b50d943a7c76c67918c1e1beb68627

[R/Package/RColorBrewer]
Package=RColorBrewer
Version=1.1-2
Source=CRAN
Hash=f8a3bcc800d613797f1dfdf8ef4f0bfc

[R/Package/Rcpp]
Package=Rcpp
Version=1.0.1
Source=CRAN
Hash=94bf4b635dd6abac1765cff90ba98235

[R/Package/assertthat]
Package=assertthat
Version=0.2.1
Source=CRAN
Hash=19fb3d0ad048b4eb1a05cacffbae1f66

[R/Package/backports]
Package=backports
Version=1.1.4
Source=CRAN
Hash=2a78bf0825e0088e117520553ceb7fa5

[R/Package/base64enc]
Package=base64enc
Version=0.1-3
Source=CRAN
Hash=d355963b4b1c3039bfe8d65611a11cca

[R/Package/cli]
Package=cli
Version=1.1.0
Source=CRAN
Hash=ca8cae9892a09cc014898470df415add

[R/Package/colorspace]
Package=colorspace
Version=1.4-1
Source=CRAN
Hash=c25d49739abb6ebf4b3d0c3565574226

[R/Package/crayon]
Package=crayon
Version=1.3.4
Source=CRAN
Hash=3fa6f9cda30a77d5d0e3b1edb1fcf949

[R/Package/crosstalk]
Package=crosstalk
Version=1.0.0
Source=CRAN
Hash=2bc962d85f29df259cc1a6930727ce87

[R/Package/digest]
Package=digest
Version=0.6.19
Source=CRAN
Hash=2e0bb891e01c4e3f1132304cf5dd4aaa

[R/Package/evaluate]
Package=evaluate
Version=0.14
Source=CRAN
Hash=bc7706aa08ddda3e4d1d2374c0fb19f4

[R/Package/fansi]
Package=fansi
Version=0.4.0
Source=CRAN
Hash=cd87b0162287f0da225edfaa2fd3a20c

[R/Package/ggplot2]
Package=ggplot2
Version=3.2.0
Source=CRAN
Hash=e3b95a7458944efa0ebbb903bcdbe168

[R/Package/glue]
Package=glue
Version=1.3.1
Source=CRAN
Hash=e8436e647719b7c9d01409767cd88cc8

[R/Package/gridExtra]
Package=gridExtra
Version=2.3
Source=CRAN
Hash=4626f6a59a3b1095e7bdc7bd02a3107f

[R/Package/gtable]
Package=gtable
Version=0.3.0
Source=CRAN
Hash=6a58b2980a57345822ec5f9c7d2d1751

[R/Package/highr]
Package=highr
Version=0.8
Source=CRAN
Hash=43e36bc8bca1d8256f86933659c46349

[R/Package/htmltools]
Package=htmltools
Version=0.3.6
Source=CRAN
Hash=5132526e7fb28a2c20d1ef443d5c4644

[R/Package/htmlwidgets]
Package=htmlwidgets
Version=1.3
Source=CRAN
Hash=8aa0ed21f14fc9645367e8bc305415f5

[R/Package/httpuv]
Package=httpuv
Version=1.5.1
Source=CRAN
Hash=3e4206eb62d89401a2a990eba9b3ecac

[R/Package/jsonlite]
Package=jsonlite
Version=1.6
Source=CRAN
Hash=b7e67b6a7bc2fdae729c0f3ff9026a8a

[R/Package/knitr]
Package=knitr
Version=1.23
Source=CRAN
Hash=6274825991e0041edb22da19e145b82d

[R/Package/labeling]
Package=labeling
Version=0.3
Source=CRAN
Hash=e1f613894f080d1eee41c34b281a2184

[R/Package/later]
Package=later
Version=0.8.0
Source=CRAN
Hash=4d5b806a328e0da75f0f0d4653676552

[R/Package/lattice]
Package=lattice
Version=0.20-38
Source=CRAN
Hash=6f7aa123115b33bc9ad1ca800874b1de

[R/Package/lazyeval]
Package=lazyeval
Version=0.2.2
Source=CRAN
Hash=d2f5e98b8b7ae633e252830c3243c2ab

[R/Package/leaflet]
Package=leaflet
Version=2.0.2
Source=CRAN
Hash=b28c8f59e316a0fce26b5ba63889b626

[R/Package/magrittr]
Package=magrittr
Version=1.5
Source=CRAN
Hash=dee1d97cffddfd3ed969e224bd0826d0

[R/Package/markdown]
Package=markdown
Version=1.0
Source=CRAN
Hash=4584a57f565dd7987d59dda3a02cfb41

[R/Package/mgcv]
Package=mgcv
Version=1.8-28
Source=CRAN
Hash=6ac256e4fdcf33c11f9ed987927cc614

[R/Package/mime]
Package=mime
Version=0.7
Source=CRAN
Hash=908d95ccbfd1dd274073ef07a7c93934

[R/Package/miniUI]
Package=miniUI
Version=0.1.1.1
Source=CRAN
Hash=53236ac4d8dcc50446bbb83c45e024cd

[R/Package/munsell]
Package=munsell
Version=0.5.0
Source=CRAN
Hash=9111af6c6dec65538ebd3de6c0bae864

[R/Package/nlme]
Package=nlme
Version=3.1-140
Source=CRAN
Hash=3135eb78c06c23114feeb1dc7eccc2e5

[R/Package/pillar]
Package=pillar
Version=1.4.1
Source=CRAN
Hash=952c43fd937c93fbed82c69d22996cc1

[R/Package/pkgconfig]
Package=pkgconfig
Version=2.0.2
Source=CRAN
Hash=a9c3905822c12b8ad5f5bef850d1b45b

[R/Package/plyr]
Package=plyr
Version=1.8.4
Source=CRAN
Hash=37dd0f3aadee2ac99e47168f4bffddb7

[R/Package/png]
Package=png
Version=0.1-7
Source=CRAN
Hash=2facb7d8929420c91d1ddc8d4636f787

[R/Package/promises]
Package=promises
Version=1.0.1
Source=CRAN
Hash=f80d162b7cef7e36a0134d1f1084e36d

[R/Package/raster]
Package=raster
Version=2.9-5
Source=CRAN
Hash=d2f57c6253fb3f960272d6bf0ed20a82

[R/Package/reshape2]
Package=reshape2
Version=1.4.3
Source=CRAN
Hash=ac685130d1a25e3f6470960fd29c5693

[R/Package/rlang]
Package=rlang
Version=0.3.4
Source=CRAN
Hash=2b3bd6e5e8997c7e008bcaec981bbc2a

[R/Package/rmarkdown]
Package=rmarkdown
Version=1.13
Source=CRAN
Hash=d91e5ea62ea410cd5c04e1be6a7c273d

[R/Package/rstudioapi]
Package=rstudioapi
Version=0.10
Source=CRAN
Hash=04552808fd065fdf0fec7bad340eb83c

[R/Package/scales]
Package=scales
Version=1.0.0
Source=CRAN
Hash=a96e9571cd875b7b934990d85b7a3c18

[R/Package/servr]
Package=servr
Version=0.14
Source=CRAN
Hash=d1f483e27b29b33feed23668cc268825

[R/Package/shiny]
Package=shiny
Version=1.3.2
Source=CRAN
Hash=3f96ad878877e005bcf6093c5c7efd9e

[R/Package/sourcetools]
Package=sourcetools
Version=0.1.7
Source=CRAN
Hash=fc68fa34b8576eaa5a845a46ad75e214

[R/Package/sp]
Package=sp
Version=1.3-1
Source=CRAN
Hash=a8e1d618f252db052d85391d528c256f

[R/Package/stringi]
Package=stringi
Version=1.4.3
Source=CRAN
Hash=113506f116db9dd5bd1caf46884e0647

[R/Package/stringr]
Package=stringr
Version=1.4.0
Source=CRAN
Hash=41d6310ad18bd019a203d7adc496a28b

[R/Package/tibble]
Package=tibble
Version=2.1.3
Source=CRAN
Hash=24e7de5ff617b10ae7455b81131b5a54

[R/Package/tinytex]
Package=tinytex
Version=0.13
Source=CRAN
Hash=69f72c5d4e70f6f8876c2c098786ae86

[R/Package/utf8]
Package=utf8
Version=1.1.4
Source=CRAN
Hash=3f1a5a5b184f63379f8e6c08d5036c53

[R/Package/vctrs]
Package=vctrs
Version=0.1.0
Source=CRAN
Hash=990e11a7c6454ee32e2821f1a34fac94

[R/Package/viridis]
Package=viridis
Version=0.5.1
Source=CRAN
Hash=edeb1e8da820d6c6685971796c8d00ad

[R/Package/viridisLite]
Package=viridisLite
Version=0.3.0
Source=CRAN
Hash=9cdc281be942ca5c7ed232951f7cd001

[R/Package/withr]
Package=withr
Version=2.1.2
Source=CRAN
Hash=437dd637b5e75520a5d93c24f5bc0b17

[R/Package/xaringan]
Package=xaringan
Version=0.10
Source=CRAN
Hash=1e4aac61a8fb7e46d915453b22a3a7dc

[R/Package/xfun]
Package=xfun
Version=0.7
Source=CRAN
Hash=6b504b3cf978ea44cb770b53e69b9f6c

[R/Package/xtable]
Package=xtable
Version=1.8-4
Source=CRAN
Hash=48f60fcc0974ce72870076d48038df2d

[R/Package/yaml]
Package=yaml
Version=2.2.0
Source=CRAN
Hash=3a313c96061c4ac790de611dc57ebd1f

[R/Package/zeallot]
Package=zeallot
Version=0.1.0
Source=CRAN
Hash=45d65588b02d47970fc84adecb2ee664

